{
  "name": "astrovisor-skill",
  "version": "1.0.0",
  "lockfileVersion": 3,
  "requires": true,
  "packages": {
    "": {
      "name": "astrovisor-skill",
      "version": "1.0.0",
      "license": "MIT",
      "bin": {
        "astrovisor-skill": "astrovisor/scripts/astrovisor-skill.mjs"
      },
      "engines": {
        "node": ">=20.0.0"
      }
    }
  }
}
